// !$*UTF8*$!
{
	archiveVersion = 1;
	classes = {
	};
	objectVersion = 50;
	objects = {

/* Begin PBXBuildFile section */
		80CDE32D2480ED06009C2F69 /* AppDelegate.swift in Sources */ = {isa = PBXBuildFile; fileRef = 80CDE32C2480ED06009C2F69 /* AppDelegate.swift */; };
		80CDE32F2480ED06009C2F69 /* SceneDelegate.swift in Sources */ = {isa = PBXBuildFile; fileRef = 80CDE32E2480ED06009C2F69 /* SceneDelegate.swift */; };
		80CDE3322480ED06009C2F69 /* Home_Usage.xcdatamodeld in Sources */ = {isa = PBXBuildFile; fileRef = 80CDE3302480ED06009C2F69 /* Home_Usage.xcdatamodeld */; };
		80CDE3342480ED06009C2F69 /* ContentView.swift in Sources */ = {isa = PBXBuildFile; fileRef = 80CDE3332480ED06009C2F69 /* ContentView.swift */; };
		80CDE3362480ED0A009C2F69 /* Assets.xcassets in Resources */ = {isa = PBXBuildFile; fileRef = 80CDE3352480ED0A009C2F69 /* Assets.xcassets */; };
		80CDE3392480ED0A009C2F69 /* Preview Assets.xcassets in Resources */ = {isa = PBXBuildFile; fileRef = 80CDE3382480ED0A009C2F69 /* Preview Assets.xcassets */; };
		80CDE33C2480ED0A009C2F69 /* LaunchScreen.storyboard in Resources */ = {isa = PBXBuildFile; fileRef = 80CDE33A2480ED0A009C2F69 /* LaunchScreen.storyboard */; };
/* End PBXBuildFile section */

/* Begin PBXFileReference section */
		80CDE3292480ED06009C2F69 /* Home Usage.app */ = {isa = PBXFileReference; explicitFileType = wrapper.application; includeInIndex = 0; path = "Home Usage.app"; sourceTree = BUILT_PRODUCTS_DIR; };
		80CDE32C2480ED06009C2F69 /* AppDelegate.swift */ = {isa = PBXFileReference; lastKnownFileType = sourcecode.swift; path = AppDelegate.swift; sourceTree = "<group>"; };
		80CDE32E2480ED06009C2F69 /* SceneDelegate.swift */ = {isa = PBXFileReference; lastKnownFileType = sourcecode.swift; path = SceneDelegate.swift; sourceTree = "<group>"; };
		80CDE3312480ED06009C2F69 /* Home_Usage.xcdatamodel */ = {isa = PBXFileReference; lastKnownFileType = wrapper.xcdatamodel; path = Home_Usage.xcdatamodel; sourceTree = "<group>"; };
		80CDE3332480ED06009C2F69 /* ContentView.swift */ = {isa = PBXFileReference; lastKnownFileType = sourcecode.swift; path = ContentView.swift; sourceTree = "<group>"; };
		80CDE3352480ED0A009C2F69 /* Assets.xcassets */ = {isa = PBXFileReference; lastKnownFileType = folder.assetcatalog; path = Assets.xcassets; sourceTree = "<group>"; };
		80CDE3382480ED0A009C2F69 /* Preview Assets.xcassets */ = {isa = PBXFileReference; lastKnownFileType = folder.assetcatalog; path = "Preview Assets.xcassets"; sourceTree = "<group>"; };
		80CDE33B2480ED0A009C2F69 /* Base */ = {isa = PBXFileReference; lastKnownFileType = file.storyboard; name = Base; path = Base.lproj/LaunchScreen.storyboard; sourceTree = "<group>"; };
		80CDE33D2480ED0A009C2F69 /* Info.plist */ = {isa = PBXFileReference; lastKnownFileType = text.plist.xml; path = Info.plist; sourceTree = "<group>"; };
/* End PBXFileReference section */

/* Begin PBXFrameworksBuildPhase section */
		80CDE3262480ED06009C2F69 /* Frameworks */ = {
			isa = PBXFrameworksBuildPhase;
			buildActionMask = 2147483647;
			files = (
			);
			runOnlyForDeploymentPostprocessing = 0;
		};
/* End PBXFrameworksBuildPhase section */

/* Begin PBXGroup section */
		80CDE3202480ED05009C2F69 = {
			isa = PBXGroup;
			children = (
				80CDE32B2480ED06009C2F69 /* Home Usage */,
				80CDE32A2480ED06009C2F69 /* Products */,
			);
			sourceTree = "<group>";
		};
		80CDE32A2480ED06009C2F69 /* Products */ = {
			isa = PBXGroup;
			children = (
				80CDE3292480ED06009C2F69 /* Home Usage.app */,
			);
			name = Products;
			sourceTree = "<group>";
		};
		80CDE32B2480ED06009C2F69 /* Home Usage */ = {
			isa = PBXGroup;
			children = (
				80CDE32C2480ED06009C2F69 /* AppDelegate.swift */,
				80CDE32E2480ED06009C2F69 /* SceneDelegate.swift */,
				80CDE3332480ED06009C2F69 /* ContentView.swift */,
				80CDE3352480ED0A009C2F69 /* Assets.xcassets */,
				80CDE33A2480ED0A009C2F69 /* LaunchScreen.storyboard */,
				80CDE33D2480ED0A009C2F69 /* Info.plist */,
				80CDE3302480ED06009C2F69 /* Home_Usage.xcdatamodeld */,
				80CDE3372480ED0A009C2F69 /* Preview Content */,
			);
			path = "Home Usage";
			sourceTree = "<group>";
		};
		80CDE3372480ED0A009C2F69 /* Preview Content */ = {
			isa = PBXGroup;
			children = (
				80CDE3382480ED0A009C2F69 /* Preview Assets.xcassets */,
			);
			path = "Preview Content";
			sourceTree = "<group>";
		};
/* End PBXGroup section */

/* Begin PBXNativeTarget section */
		80CDE3282480ED06009C2F69 /* Home Usage */ = {
			isa = PBXNativeTarget;
			buildConfigurationList = 80CDE3402480ED0A009C2F69 /* Build configuration list for PBXNativeTarget "Home Usage" */;
			buildPhases = (
				80CDE3252480ED06009C2F69 /* Sources */,
				80CDE3262480ED06009C2F69 /* Frameworks */,
				80CDE3272480ED06009C2F69 /* Resources */,
			);
			buildRules = (
			);
			dependencies = (
			);
			name = "Home Usage";
			productName = "Home Usage";
			productReference = 80CDE3292480ED06009C2F69 /* Home Usage.app */;
			productType = "com.apple.product-type.application";
		};
/* End PBXNativeTarget section */

/* Begin PBXProject section */
		80CDE3212480ED05009C2F69 /* Project object */ = {
			isa = PBXProject;
			attributes = {
				LastSwiftUpdateCheck = 1130;
				LastUpgradeCheck = 1130;
				ORGANIZATIONNAME = tijncoertjens;
				TargetAttributes = {
					80CDE3282480ED06009C2F69 = {
						CreatedOnToolsVersion = 11.3.1;
					};
				};
			};
			buildConfigurationList = 80CDE3242480ED05009C2F69 /* Build configuration list for PBXProject "Home Usage" */;
			compatibilityVersion = "Xcode 9.3";
			developmentRegion = en;
			hasScannedForEncodings = 0;
			knownRegions = (
				en,
				Base,
			);
			mainGroup = 80CDE3202480ED05009C2F69;
			productRefGroup = 80CDE32A2480ED06009C2F69 /* Products */;
			projectDirPath = "";
			projectRoot = "";
			targets = (
				80CDE3282480ED06009C2F69 /* Home Usage */,
			);
		};
/* End PBXProject section */

/* Begin PBXResourcesBuildPhase section */
		80CDE3272480ED06009C2F69 /* Resources */ = {
			isa = PBXResourcesBuildPhase;
			buildActionMask = 2147483647;
			files = (
				80CDE33C2480ED0A009C2F69 /* LaunchScreen.storyboard in Resources */,
				80CDE3392480ED0A009C2F69 /* Preview Assets.xcassets in Resources */,
				80CDE3362480ED0A009C2F69 /* Assets.xcassets in Resources */,
			);
			runOnlyForDeploymentPostprocessing = 0;
		};
/* End PBXResourcesBuildPhase section */

/* Begin PBXSourcesBuildPhase section */
		80CDE3252480ED06009C2F69 /* Sources */ = {
			isa = PBXSourcesBuildPhase;
			buildActionMask = 2147483647;
			files = (
				80CDE32D2480ED06009C2F69 /* AppDelegate.swift in Sources */,
				80CDE3322480ED06009C2F69 /* Home_Usage.xcdatamodeld in Sources */,
				80CDE3342480ED06009C2F69 /* ContentView.swift in Sources */,
				80CDE32F2480ED06009C2F69 /* SceneDelegate.swift in Sources */,
			);
			runOnlyForDeploymentPostprocessing = 0;
		};
/* End PBXSourcesBuildPhase section */

/* Begin PBXVariantGroup section */
		80CDE33A2480ED0A009C2F69 /* LaunchScreen.storyboard */ = {
			isa = PBXVariantGroup;
			children = (
				80CDE33B2480ED0A009C2F69 /* Base */,
			);
			name = LaunchScreen.storyboard;
			sourceTree = "<group>";
		};
/* End PBXVariantGroup section */

/* Begin XCBuildConfiguration section */
		80CDE33E2480ED0A009C2F69 /* Debug */ = {
			isa = XCBuildConfiguration;
			buildSettings = {
				ALWAYS_SEARCH_USER_PATHS = NO;
				CLANG_ANALYZER_NONNULL = YES;
				CLANG_ANALYZER_NUMBER_OBJECT_CONVERSION = YES_AGGRESSIVE;
				CLANG_CXX_LANGUAGE_STANDARD = "gnu++14";
				CLANG_CXX_LIBRARY = "libc++";
				CLANG_ENABLE_MODULES = YES;
				CLANG_ENABLE_OBJC_ARC = YES;
				CLANG_ENABLE_OBJC_WEAK = YES;
				CLANG_WARN_BLOCK_CAPTURE_AUTORELEASING = YES;
				CLANG_WARN_BOOL_CONVERSION = YES;
				CLANG_WARN_COMMA = YES;
				CLANG_WARN_CONSTANT_CONVERSION = YES;
				CLANG_WARN_DEPRECATED_OBJC_IMPLEMENTATIONS = YES;
				CLANG_WARN_DIRECT_OBJC_ISA_USAGE = YES_ERROR;
				CLANG_WARN_DOCUMENTATION_COMMENTS = YES;
				CLANG_WARN_EMPTY_BODY = YES;
				CLANG_WARN_ENUM_CONVERSION = YES;
				CLANG_WARN_INFINITE_RECURSION = YES;
				CLANG_WARN_INT_CONVERSION = YES;
				CLANG_WARN_NON_LITERAL_NULL_CONVERSION = YES;
				CLANG_WARN_OBJC_IMPLICIT_RETAIN_SELF = YES;
				CLANG_WARN_OBJC_LITERAL_CONVERSION = YES;
				CLANG_WARN_OBJC_ROOT_CLASS = YES_ERROR;
				CLANG_WARN_RANGE_LOOP_ANALYSIS = YES;
				CLANG_WARN_STRICT_PROTOTYPES = YES;
				CLANG_WARN_SUSPICIOUS_MOVE = YES;
				CLANG_WARN_UNGUARDED_AVAILABILITY = YES_AGGRESSIVE;
				CLANG_WARN_UNREACHABLE_CODE = YES;
				CLANG_WARN__DUPLICATE_METHOD_MATCH = YES;
				COPY_PHASE_STRIP = NO;
				DEBUG_INFORMATION_FORMAT = dwarf;
				ENABLE_STRICT_OBJC_MSGSEND = YES;
				ENABLE_TESTABILITY = YES;
				GCC_C_LANGUAGE_STANDARD = gnu11;
				GCC_DYNAMIC_NO_PIC = NO;
				GCC_NO_COMMON_BLOCKS = YES;
				GCC_OPTIMIZATION_LEVEL = 0;
				GCC_PREPROCESSOR_DEFINITIONS = (
					"DEBUG=1",
					"$(inherited)",
				);
				GCC_WARN_64_TO_32_BIT_CONVERSION = YES;
				GCC_WARN_ABOUT_RETURN_TYPE = YES_ERROR;
				GCC_WARN_UNDECLARED_SELECTOR = YES;
				GCC_WARN_UNINITIALIZED_AUTOS = YES_AGGRESSIVE;
				GCC_WARN_UNUSED_FUNCTION = YES;
				GCC_WARN_UNUSED_VARIABLE = YES;
				IPHONEOS_DEPLOYMENT_TARGET = 13.2;
				MTL_ENABLE_DEBUG_INFO = INCLUDE_SOURCE;
				MTL_FAST_MATH = YES;
				ONLY_ACTIVE_ARCH = YES;
				SDKROOT = iphoneos;
				SWIFT_ACTIVE_COMPILATION_CONDITIONS = DEBUG;
				SWIFT_OPTIMIZATION_LEVEL = "-Onone";
			};
			name = Debug;
		};
		80CDE33F2480ED0A009C2F69 /* Release */ = {
			isa = XCBuildConfiguration;
			buildSettings = {
				ALWAYS_SEARCH_USER_PATHS = NO;
				CLANG_ANALYZER_NONNULL = YES;
				CLANG_ANALYZER_NUMBER_OBJECT_CONVERSION = YES_AGGRESSIVE;
				CLANG_CXX_LANGUAGE_STANDARD = "gnu++14";
				CLANG_CXX_LIBRARY = "libc++";
				CLANG_ENABLE_MODULES = YES;
				CLANG_ENABLE_OBJC_ARC = YES;
				CLANG_ENABLE_OBJC_WEAK = YES;
				CLANG_WARN_BLOCK_CAPTURE_AUTORELEASING = YES;
				CLANG_WARN_BOOL_CONVERSION = YES;
				CLANG_WARN_COMMA = YES;
				CLANG_WARN_CONSTANT_CONVERSION = YES;
				CLANG_WARN_DEPRECATED_OBJC_IMPLEMENTATIONS = YES;
				CLANG_WARN_DIRECT_OBJC_ISA_USAGE = YES_ERROR;
				CLANG_WARN_DOCUMENTATION_COMMENTS = YES;
				CLANG_WARN_EMPTY_BODY = YES;
				CLANG_WARN_ENUM_CONVERSION = YES;
				CLANG_WARN_INFINITE_RECURSION = YES;
				CLANG_WARN_INT_CONVERSION = YES;
				CLANG_WARN_NON_LITERAL_NULL_CONVERSION = YES;
				CLANG_WARN_OBJC_IMPLICIT_RETAIN_SELF = YES;
				CLANG_WARN_OBJC_LITERAL_CONVERSION = YES;
				CLANG_WARN_OBJC_ROOT_CLASS = YES_ERROR;
				CLANG_WARN_RANGE_LOOP_ANALYSIS = YES;
				CLANG_WARN_STRICT_PROTOTYPES = YES;
				CLANG_WARN_SUSPICIOUS_MOVE = YES;
				CLANG_WARN_UNGUARDED_AVAILABILITY = YES_AGGRESSIVE;
				CLANG_WARN_UNREACHABLE_CODE = YES;
				CLANG_WARN__DUPLICATE_METHOD_MATCH = YES;
				COPY_PHASE_STRIP = NO;
				DEBUG_INFORMATION_FORMAT = "dwarf-with-dsym";
				ENABLE_NS_ASSERTIONS = NO;
				ENABLE_STRICT_OBJC_MSGSEND = YES;
				GCC_C_LANGUAGE_STANDARD = gnu11;
				GCC_NO_COMMON_BLOCKS = YES;
				GCC_WARN_64_TO_32_BIT_CONVERSION = YES;
				GCC_WARN_ABOUT_RETURN_TYPE = YES_ERROR;
				GCC_WARN_UNDECLARED_SELECTOR = YES;
				GCC_WARN_UNINITIALIZED_AUTOS = YES_AGGRESSIVE;
				GCC_WARN_UNUSED_FUNCTION = YES;
				GCC_WARN_UNUSED_VARIABLE = YES;
				IPHONEOS_DEPLOYMENT_TARGET = 13.2;
				MTL_ENABLE_DEBUG_INFO = NO;
				MTL_FAST_MATH = YES;
				SDKROOT = iphoneos;
				SWIFT_COMPILATION_MODE = wholemodule;
				SWIFT_OPTIMIZATION_LEVEL = "-O";
				VALIDATE_PRODUCT = YES;
			};
			name = Release;
		};
		80CDE3412480ED0A009C2F69 /* Debug */ = {
			isa = XCBuildConfiguration;
			buildSettings = {
				ASSETCATALOG_COMPILER_APPICON_NAME = AppIcon;
				CODE_SIGN_STYLE = Automatic;
				DEVELOPMENT_ASSET_PATHS = "\"Home Usage/Preview Content\"";
				DEVELOPMENT_TEAM = GX579V4456;
				ENABLE_PREVIEWS = YES;
				INFOPLIST_FILE = "Home Usage/Info.plist";
				LD_RUNPATH_SEARCH_PATHS = (
					"$(inherited)",
					"@executable_path/Frameworks",
				);
				PRODUCT_BUNDLE_IDENTIFIER = "com.biertjens.Home-Usage";
				PRODUCT_NAME = "$(TARGET_NAME)";
				SWIFT_VERSION = 5.0;
				TARGETED_DEVICE_FAMILY = "1,2";
			};
			name = Debug;
		};
		80CDE3422480ED0A009C2F69 /* Release */ = {
			isa = XCBuildConfiguration;
			buildSettings = {
				ASSETCATALOG_COMPILER_APPICON_NAME = AppIcon;
				CODE_SIGN_STYLE = Automatic;
				DEVELOPMENT_ASSET_PATHS = "\"Home Usage/Preview Content\"";
				DEVELOPMENT_TEAM = GX579V4456;
				ENABLE_PREVIEWS = YES;
				INFOPLIST_FILE = "Home Usage/Info.plist";
				LD_RUNPATH_SEARCH_PATHS = (
					"$(inherited)",
					"@executable_path/Frameworks",
				);
				PRODUCT_BUNDLE_IDENTIFIER = "com.biertjens.Home-Usage";
				PRODUCT_NAME = "$(TARGET_NAME)";
				SWIFT_VERSION = 5.0;
				TARGETED_DEVICE_FAMILY = "1,2";
			};
			name = Release;
		};
/* End XCBuildConfiguration section */

/* Begin XCConfigurationList section */
		80CDE3242480ED05009C2F69 /* Build configuration list for PBXProject "Home Usage" */ = {
			isa = XCConfigurationList;
			buildConfigurations = (
				80CDE33E2480ED0A009C2F69 /* Debug */,
				80CDE33F2480ED0A009C2F69 /* Release */,
			);
			defaultConfigurationIsVisible = 0;
			defaultConfigurationName = Release;
		};
		80CDE3402480ED0A009C2F69 /* Build configuration list for PBXNativeTarget "Home Usage" */ = {
			isa = XCConfigurationList;
			buildConfigurations = (
				80CDE3412480ED0A009C2F69 /* Debug */,
				80CDE3422480ED0A009C2F69 /* Release */,
			);
			defaultConfigurationIsVisible = 0;
			defaultConfigurationName = Release;
		};
/* End XCConfigurationList section */

/* Begin XCVersionGroup section */
		80CDE3302480ED06009C2F69 /* Home_Usage.xcdatamodeld */ = {
			isa = XCVersionGroup;
			children = (
				80CDE3312480ED06009C2F69 /* Home_Usage.xcdatamodel */,
			);
			currentVersion = 80CDE3312480ED06009C2F69 /* Home_Usage.xcdatamodel */;
			path = Home_Usage.xcdatamodeld;
			sourceTree = "<group>";
			versionGroupType = wrapper.xcdatamodel;
		};
/* End XCVersionGroup section */
	};
	rootObject = 80CDE3212480ED05009C2F69 /* Project object */;
}
